Microsoft Visual Studio Solution File, Format Version 11.00
# Visual Studio 2008

Project("{250E5C16-3079-00F8-7F4B-A9A1F9D81664}") = "CatsOvercome", "Assembly-CSharp-firstpass.csproj", "{F2B09717-3CF2-D537-8EC1-E10C0DD14078}"
EndProject
Project("{250E5C16-3079-00F8-7F4B-A9A1F9D81664}") = "CatsOvercome", "Assembly-CSharp.csproj", "{1D70984B-01B2-5998-7A7C-3F7D9A752F86}"
EndProject
Project("{250E5C16-3079-00F8-7F4B-A9A1F9D81664}") = "CatsOvercome", "Assembly-CSharp-Editor.csproj", "{52E39850-56CC-6E40-E5C7-7B2847D4A417}"
EndProject
Project("{250E5C16-3079-00F8-7F4B-A9A1F9D81664}") = "CatsOvercome", "Assembly-UnityScript-firstpass.unityproj", "{93898DA3-72A8-B049-3594-5B973E720062}"
EndProject
Project("{250E5C16-3079-00F8-7F4B-A9A1F9D81664}") = "CatsOvercome", "Assembly-UnityScript.unityproj", "{058D39CF-C088-4D49-D21E-25B344E6886F}"
EndProject
Project("{250E5C16-3079-00F8-7F4B-A9A1F9D81664}") = "CatsOvercome", "Assembly-UnityScript-Editor.unityproj", "{6BD75586-B180-E1B1-914F-00EFB0DD9110}"
EndProject
Global
	GlobalSection(SolutionConfigurationPlatforms) = preSolution
		Debug|Any CPU = Debug|Any CPU
		Release|Any CPU = Release|Any CPU
	EndGlobalSection
	GlobalSection(ProjectConfigurationPlatforms) = postSolution
		{F2B09717-3CF2-D537-8EC1-E10C0DD14078}.Debug|Any CPU.ActiveCfg = Debug|Any CPU
		{F2B09717-3CF2-D537-8EC1-E10C0DD14078}.Debug|Any CPU.Build.0 = Debug|Any CPU
		{F2B09717-3CF2-D537-8EC1-E10C0DD14078}.Release|Any CPU.ActiveCfg = Release|Any CPU
		{F2B09717-3CF2-D537-8EC1-E10C0DD14078}.Release|Any CPU.Build.0 = Release|Any CPU
		{1D70984B-01B2-5998-7A7C-3F7D9A752F86}.Debug|Any CPU.ActiveCfg = Debug|Any CPU
		{1D70984B-01B2-5998-7A7C-3F7D9A752F86}.Debug|Any CPU.Build.0 = Debug|Any CPU
		{1D70984B-01B2-5998-7A7C-3F7D9A752F86}.Release|Any CPU.ActiveCfg = Release|Any CPU
		{1D70984B-01B2-5998-7A7C-3F7D9A752F86}.Release|Any CPU.Build.0 = Release|Any CPU
		{52E39850-56CC-6E40-E5C7-7B2847D4A417}.Debug|Any CPU.ActiveCfg = Debug|Any CPU
		{52E39850-56CC-6E40-E5C7-7B2847D4A417}.Debug|Any CPU.Build.0 = Debug|Any CPU
		{52E39850-56CC-6E40-E5C7-7B2847D4A417}.Release|Any CPU.ActiveCfg = Release|Any CPU
		{52E39850-56CC-6E40-E5C7-7B2847D4A417}.Release|Any CPU.Build.0 = Release|Any CPU
		{93898DA3-72A8-B049-3594-5B973E720062}.Debug|Any CPU.ActiveCfg = Debug|Any CPU
		{93898DA3-72A8-B049-3594-5B973E720062}.Debug|Any CPU.Build.0 = Debug|Any CPU
		{93898DA3-72A8-B049-3594-5B973E720062}.Release|Any CPU.ActiveCfg = Release|Any CPU
		{93898DA3-72A8-B049-3594-5B973E720062}.Release|Any CPU.Build.0 = Release|Any CPU
		{058D39CF-C088-4D49-D21E-25B344E6886F}.Debug|Any CPU.ActiveCfg = Debug|Any CPU
		{058D39CF-C088-4D49-D21E-25B344E6886F}.Debug|Any CPU.Build.0 = Debug|Any CPU
		{058D39CF-C088-4D49-D21E-25B344E6886F}.Release|Any CPU.ActiveCfg = Release|Any CPU
		{058D39CF-C088-4D49-D21E-25B344E6886F}.Release|Any CPU.Build.0 = Release|Any CPU
		{6BD75586-B180-E1B1-914F-00EFB0DD9110}.Debug|Any CPU.ActiveCfg = Debug|Any CPU
		{6BD75586-B180-E1B1-914F-00EFB0DD9110}.Debug|Any CPU.Build.0 = Debug|Any CPU
		{6BD75586-B180-E1B1-914F-00EFB0DD9110}.Release|Any CPU.ActiveCfg = Release|Any CPU
		{6BD75586-B180-E1B1-914F-00EFB0DD9110}.Release|Any CPU.Build.0 = Release|Any CPU
	EndGlobalSection
	GlobalSection(SolutionProperties) = preSolution
		HideSolutionNode = FALSE
	EndGlobalSection
																																																																																															GlobalSection(MonoDevelopProperties) = preSolution
		StartupItem = Assembly-CSharp.csproj
		Policies = $0
		$0.TextStylePolicy = $1
		$1.inheritsSet = null
		$1.scope = text/x-csharp
		$0.CSharpFormattingPolicy = $2
		$2.inheritsSet = Mono
		$2.inheritsScope = text/x-csharp
		$2.scope = text/x-csharp
		$0.TextStylePolicy = $3
		$3.FileWidth = 120
		$3.TabWidth = 4
		$3.EolMarker = Unix
		$3.inheritsSet = Mono
		$3.inheritsScope = text/plain
		$3.scope = text/plain
	EndGlobalSection

EndGlobal
